# THIS IS AN AUTOGENERATED FILE. DO NOT EDIT THIS FILE DIRECTLY.
# yarn lockfile v1


"@turf/bbox-polygon@^6.5.0":
  version "6.5.0"
  resolved "https://registry.yarnpkg.com/@turf/bbox-polygon/-/bbox-polygon-6.5.0.tgz#f18128b012eedfa860a521d8f2b3779cc0801032"
  integrity sha512-+/r0NyL1lOG3zKZmmf6L8ommU07HliP4dgYToMoTxqzsWzyLjaj/OzgQ8rBmv703WJX+aS6yCmLuIhYqyufyuw==
  dependencies:
    "@turf/helpers" "^6.5.0"

"@turf/helpers@^6.5.0":
  version "6.5.0"
  resolved "https://registry.yarnpkg.com/@turf/helpers/-/helpers-6.5.0.tgz#f79af094bd6b8ce7ed2bd3e089a8493ee6cae82e"
  integrity sha512-VbI1dV5bLFzohYYdgqwikdMVpe7pJ9X3E+dlr425wa2/sMJqYDhTO++ec38/pcPvPE6oD9WEEeU3Xu3gza+VPw==

lodash.omit@^4.5.0:
  version "4.5.0"
  resolved "https://registry.yarnpkg.com/lodash.omit/-/lodash.omit-4.5.0.tgz#6eb19ae5a1ee1dd9df0b969e66ce0b7fa30b5e60"
  integrity sha512-XeqSp49hNGmlkj2EJlfrQFIzQ6lXdNro9sddtQzcJY8QaoC2GO0DT7xaIokHeyM+mIT0mPMlPvkYzg2xCuHdZg==
